{
  "nodes": {
    "nixpkgs": {
      "locked": {
        "lastModified": 1771677697,
        "narHash": "sha256-aMfvS/IPBmZzhNp3X5y3p31BJjqdc8sLBxi/mPsrxSc=",
        "owner": "NixOs",
        "repo": "nixpkgs",
        "rev": "a3e45630646fb2ad16303c6c3c9c7fd6894f5d81",
        "type": "github"
      },
      "original": {
        "owner": "NixOs",
        "ref": "release-25.11",
        "repo": "nixpkgs",
        "type": "github"
      }
    },
    "root": {
      "inputs": {
        "nixpkgs": "nixpkgs"
      }
    }
  },
  "root": "root",
  "version": 7
}
